
Microsoft Visual Studio Solution File, Format Version 12.00
# Visual Studio Version 16
VisualStudioVersion = 16.0.32106.194
MinimumVisualStudioVersion = 10.0.40219.1
Project("{FAE04EC0-301F-11D3-BF4B-00C04F79EFBC}") = "ShikhanobishInvoiceGenaretor", "ShikhanobishInvoiceGenaretor\ShikhanobishInvoiceGenaretor.csproj", "{B21E05DC-EC83-46B6-8159-D288857C47D2}"
EndProject
Global
	GlobalSection(SolutionConfigurationPlatforms) = preSolution
		Debug|Any CPU = Debug|Any CPU
		Release|Any CPU = Release|Any CPU
	EndGlobalSection
	GlobalSection(ProjectConfigurationPlatforms) = postSolution
		{B21E05DC-EC83-46B6-8159-D288857C47D2}.Debug|Any CPU.ActiveCfg = Debug|Any CPU
		{B21E05DC-EC83-46B6-8159-D288857C47D2}.Debug|Any CPU.Build.0 = Debug|Any CPU
		{B21E05DC-EC83-46B6-8159-D288857C47D2}.Release|Any CPU.ActiveCfg = Release|Any CPU
		{B21E05DC-EC83-46B6-8159-D288857C47D2}.Release|Any CPU.Build.0 = Release|Any CPU
	EndGlobalSection
	GlobalSection(SolutionProperties) = preSolution
		HideSolutionNode = FALSE
	EndGlobalSection
	GlobalSection(ExtensibilityGlobals) = postSolution
		SolutionGuid = {2C0E1786-E74C-4EF3-8753-D51DBE78BE63}
	EndGlobalSection
EndGlobal
